
Microsoft Visual Studio Solution File, Format Version 12.00
# Visual Studio Version 16
VisualStudioVersion = 16.0.30804.86
MinimumVisualStudioVersion = 10.0.40219.1
Project("{FAE04EC0-301F-11D3-BF4B-00C04F79EFBC}") = "Konyvtar", "Konyvtar\Konyvtar.csproj", "{B620D938-39ED-4756-8662-1A024A23226C}"
EndProject
Global
	GlobalSection(SolutionConfigurationPlatforms) = preSolution
		Debug|Any CPU = Debug|Any CPU
		Release|Any CPU = Release|Any CPU
	EndGlobalSection
	GlobalSection(ProjectConfigurationPlatforms) = postSolution
		{B620D938-39ED-4756-8662-1A024A23226C}.Debug|Any CPU.ActiveCfg = Debug|Any CPU
		{B620D938-39ED-4756-8662-1A024A23226C}.Debug|Any CPU.Build.0 = Debug|Any CPU
		{B620D938-39ED-4756-8662-1A024A23226C}.Release|Any CPU.ActiveCfg = Release|Any CPU
		{B620D938-39ED-4756-8662-1A024A23226C}.Release|Any CPU.Build.0 = Release|Any CPU
	EndGlobalSection
	GlobalSection(SolutionProperties) = preSolution
		HideSolutionNode = FALSE
	EndGlobalSection
	GlobalSection(ExtensibilityGlobals) = postSolution
		SolutionGuid = {68F05017-6B3C-4A5A-A787-E9D65C972BC8}
	EndGlobalSection
EndGlobal
